
Microsoft Visual Studio Solution File, Format Version 12.00
# Visual Studio Version 16
VisualStudioVersion = 16.0.31624.102
MinimumVisualStudioVersion = 10.0.40219.1
Project("{2150E333-8FDC-42A3-9474-1A3956D46DE8}") = "01.CL.WebApi", "01.CL.WebApi", "{94B13419-EFA8-48A0-B537-46AB4C6E0364}"
EndProject
Project("{2150E333-8FDC-42A3-9474-1A3956D46DE8}") = "02.CL.Manager", "02.CL.Manager", "{BE478B7C-A55D-44C3-AD50-7277382112AA}"
EndProject
Project("{2150E333-8FDC-42A3-9474-1A3956D46DE8}") = "03.CL.Data", "03.CL.Data", "{71E269D7-F104-4C97-B5F2-350F24A720A1}"
EndProject
Project("{2150E333-8FDC-42A3-9474-1A3956D46DE8}") = "04.CL.Core", "04.CL.Core", "{9E3E8430-00A8-440E-B313-8379696A612D}"
EndProject
Project("{2150E333-8FDC-42A3-9474-1A3956D46DE8}") = "05.CL.Tests", "05.CL.Tests", "{5C06F400-FADB-43A5-B6CA-CEE55D3B6888}"
EndProject
Project("{9A19103F-16F7-4668-BE54-9A1E7A4F7556}") = "CL.WebApi", "CL.WebApi\CL.WebApi.csproj", "{59CC4AB9-2426-4F74-BDA6-28FA886A7404}"
EndProject
Project("{9A19103F-16F7-4668-BE54-9A1E7A4F7556}") = "CL.Manager", "CL.Manager\CL.Manager.csproj", "{DB7697B9-9374-463E-997F-72CA076A6A24}"
EndProject
Project("{9A19103F-16F7-4668-BE54-9A1E7A4F7556}") = "CL.Data", "CL.Data\CL.Data.csproj", "{42A3088B-3096-4F6D-84C0-DB62003ED9F5}"
EndProject
Project("{9A19103F-16F7-4668-BE54-9A1E7A4F7556}") = "CL.Core", "CL.Core\CL.Core.csproj", "{4E5390C6-3EF0-4F02-9AA1-A22560E4773D}"
EndProject
Project("{9A19103F-16F7-4668-BE54-9A1E7A4F7556}") = "CL.Tests", "CL.Tests\CL.Tests.csproj", "{06FA4C1C-528F-4A5D-A881-F2C0A39284BC}"
EndProject
Project("{FAE04EC0-301F-11D3-BF4B-00C04F79EFBC}") = "CL.Core.Shared", "CL.Core.Shared\CL.Core.Shared.csproj", "{09C18DFB-B619-4C3C-A885-8ECE99F7228D}"
EndProject
Global
	GlobalSection(SolutionConfigurationPlatforms) = preSolution
		Debug|Any CPU = Debug|Any CPU
		Release|Any CPU = Release|Any CPU
	EndGlobalSection
	GlobalSection(ProjectConfigurationPlatforms) = postSolution
		{59CC4AB9-2426-4F74-BDA6-28FA886A7404}.Debug|Any CPU.ActiveCfg = Debug|Any CPU
		{59CC4AB9-2426-4F74-BDA6-28FA886A7404}.Debug|Any CPU.Build.0 = Debug|Any CPU
		{59CC4AB9-2426-4F74-BDA6-28FA886A7404}.Release|Any CPU.ActiveCfg = Release|Any CPU
		{59CC4AB9-2426-4F74-BDA6-28FA886A7404}.Release|Any CPU.Build.0 = Release|Any CPU
		{DB7697B9-9374-463E-997F-72CA076A6A24}.Debug|Any CPU.ActiveCfg = Debug|Any CPU
		{DB7697B9-9374-463E-997F-72CA076A6A24}.Debug|Any CPU.Build.0 = Debug|Any CPU
		{DB7697B9-9374-463E-997F-72CA076A6A24}.Release|Any CPU.ActiveCfg = Release|Any CPU
		{DB7697B9-9374-463E-997F-72CA076A6A24}.Release|Any CPU.Build.0 = Release|Any CPU
		{42A3088B-3096-4F6D-84C0-DB62003ED9F5}.Debug|Any CPU.ActiveCfg = Debug|Any CPU
		{42A3088B-3096-4F6D-84C0-DB62003ED9F5}.Debug|Any CPU.Build.0 = Debug|Any CPU
		{42A3088B-3096-4F6D-84C0-DB62003ED9F5}.Release|Any CPU.ActiveCfg = Release|Any CPU
		{42A3088B-3096-4F6D-84C0-DB62003ED9F5}.Release|Any CPU.Build.0 = Release|Any CPU
		{4E5390C6-3EF0-4F02-9AA1-A22560E4773D}.Debug|Any CPU.ActiveCfg = Debug|Any CPU
		{4E5390C6-3EF0-4F02-9AA1-A22560E4773D}.Debug|Any CPU.Build.0 = Debug|Any CPU
		{4E5390C6-3EF0-4F02-9AA1-A22560E4773D}.Release|Any CPU.ActiveCfg = Release|Any CPU
		{4E5390C6-3EF0-4F02-9AA1-A22560E4773D}.Release|Any CPU.Build.0 = Release|Any CPU
		{06FA4C1C-528F-4A5D-A881-F2C0A39284BC}.Debug|Any CPU.ActiveCfg = Debug|Any CPU
		{06FA4C1C-528F-4A5D-A881-F2C0A39284BC}.Debug|Any CPU.Build.0 = Debug|Any CPU
		{06FA4C1C-528F-4A5D-A881-F2C0A39284BC}.Release|Any CPU.ActiveCfg = Release|Any CPU
		{06FA4C1C-528F-4A5D-A881-F2C0A39284BC}.Release|Any CPU.Build.0 = Release|Any CPU
		{09C18DFB-B619-4C3C-A885-8ECE99F7228D}.Debug|Any CPU.ActiveCfg = Debug|Any CPU
		{09C18DFB-B619-4C3C-A885-8ECE99F7228D}.Debug|Any CPU.Build.0 = Debug|Any CPU
		{09C18DFB-B619-4C3C-A885-8ECE99F7228D}.Release|Any CPU.ActiveCfg = Release|Any CPU
		{09C18DFB-B619-4C3C-A885-8ECE99F7228D}.Release|Any CPU.Build.0 = Release|Any CPU
	EndGlobalSection
	GlobalSection(SolutionProperties) = preSolution
		HideSolutionNode = FALSE
	EndGlobalSection
	GlobalSection(NestedProjects) = preSolution
		{59CC4AB9-2426-4F74-BDA6-28FA886A7404} = {94B13419-EFA8-48A0-B537-46AB4C6E0364}
		{DB7697B9-9374-463E-997F-72CA076A6A24} = {BE478B7C-A55D-44C3-AD50-7277382112AA}
		{42A3088B-3096-4F6D-84C0-DB62003ED9F5} = {71E269D7-F104-4C97-B5F2-350F24A720A1}
		{4E5390C6-3EF0-4F02-9AA1-A22560E4773D} = {9E3E8430-00A8-440E-B313-8379696A612D}
		{06FA4C1C-528F-4A5D-A881-F2C0A39284BC} = {5C06F400-FADB-43A5-B6CA-CEE55D3B6888}
		{09C18DFB-B619-4C3C-A885-8ECE99F7228D} = {9E3E8430-00A8-440E-B313-8379696A612D}
	EndGlobalSection
	GlobalSection(ExtensibilityGlobals) = postSolution
		SolutionGuid = {5CBF32E9-FABC-41D0-8E34-E48660BAFAB9}
	EndGlobalSection
EndGlobal
